
Microsoft Visual Studio Solution File, Format Version 12.00
# Visual Studio Version 16
VisualStudioVersion = 16.0.29424.173
MinimumVisualStudioVersion = 10.0.40219.1
Project("{FAE04EC0-301F-11D3-BF4B-00C04F79EFBC}") = "Core", "Core\Core.csproj", "{62D17885-1242-471F-9CF1-0C5B2E9462C4}"
EndProject
Project("{FAE04EC0-301F-11D3-BF4B-00C04F79EFBC}") = "OSUtils", "OSUtils\OSUtils.csproj", "{8603D368-B079-4F3F-8FFC-C1D6CFD9A922}"
EndProject
Global
	GlobalSection(SolutionConfigurationPlatforms) = preSolution
		Debug|Any CPU = Debug|Any CPU
		Release|Any CPU = Release|Any CPU
	EndGlobalSection
	GlobalSection(ProjectConfigurationPlatforms) = postSolution
		{62D17885-1242-471F-9CF1-0C5B2E9462C4}.Debug|Any CPU.ActiveCfg = Debug|Any CPU
		{62D17885-1242-471F-9CF1-0C5B2E9462C4}.Debug|Any CPU.Build.0 = Debug|Any CPU
		{62D17885-1242-471F-9CF1-0C5B2E9462C4}.Release|Any CPU.ActiveCfg = Release|Any CPU
		{62D17885-1242-471F-9CF1-0C5B2E9462C4}.Release|Any CPU.Build.0 = Release|Any CPU
		{8603D368-B079-4F3F-8FFC-C1D6CFD9A922}.Debug|Any CPU.ActiveCfg = Debug|Any CPU
		{8603D368-B079-4F3F-8FFC-C1D6CFD9A922}.Debug|Any CPU.Build.0 = Debug|Any CPU
		{8603D368-B079-4F3F-8FFC-C1D6CFD9A922}.Release|Any CPU.ActiveCfg = Release|Any CPU
		{8603D368-B079-4F3F-8FFC-C1D6CFD9A922}.Release|Any CPU.Build.0 = Release|Any CPU
	EndGlobalSection
	GlobalSection(SolutionProperties) = preSolution
		HideSolutionNode = FALSE
	EndGlobalSection
	GlobalSection(ExtensibilityGlobals) = postSolution
		SolutionGuid = {5547B5AD-FF96-4A44-8216-CCBC5316CFA2}
	EndGlobalSection
EndGlobal
