
Microsoft Visual Studio Solution File, Format Version 12.00
# Visual Studio Version 17
VisualStudioVersion = 17.0.31903.59
MinimumVisualStudioVersion = 10.0.40219.1
Project("{2150E333-8FDC-42A3-9474-1A3956D46DE8}") = "src", "src", "{8EF8B1B7-6469-4CDE-B56E-9F0D5E489930}"
EndProject
Project("{2150E333-8FDC-42A3-9474-1A3956D46DE8}") = "test", "test", "{392017DE-F73B-4283-9BC4-79594819C4BA}"
EndProject
Project("{9A19103F-16F7-4668-BE54-9A1E7A4F7556}") = "Skidbladnir", "src\Skidbladnir\Skidbladnir.csproj", "{5180EDB3-75C4-4D23-9BD9-AC0A0FE72077}"
EndProject
Project("{2150E333-8FDC-42A3-9474-1A3956D46DE8}") = "Solution Items", "Solution Items", "{CBA855FB-AC95-4732-9156-06A8898E11C5}"
	ProjectSection(SolutionItems) = preProject
		.editorconfig = .editorconfig
		LICENSE = LICENSE
		nuget.config = nuget.config
	EndProjectSection
EndProject
Project("{2150E333-8FDC-42A3-9474-1A3956D46DE8}") = "Net", "Net", "{DD3E6B24-0843-403B-874A-DB8AEC283EB6}"
EndProject
Project("{2150E333-8FDC-42A3-9474-1A3956D46DE8}") = "IO", "IO", "{7AA0561A-4798-4A0A-A62E-4EEB207B520A}"
EndProject
Project("{9A19103F-16F7-4668-BE54-9A1E7A4F7556}") = "File", "src\IO\File\File.csproj", "{0CBDC928-553F-4214-90A3-E7AE11448B6D}"
EndProject
Project("{9A19103F-16F7-4668-BE54-9A1E7A4F7556}") = "DevOps", "src\Net\DevOps\DevOps.csproj", "{E371C9E7-2BE1-4532-B96E-CC3D9ADFB686}"
EndProject
Project("{2150E333-8FDC-42A3-9474-1A3956D46DE8}") = "OS", "OS", "{B7ACC3E5-1DBA-4D0D-9055-17D0597A39B0}"
EndProject
Project("{9A19103F-16F7-4668-BE54-9A1E7A4F7556}") = "Windows", "src\OS\Windows\Windows.csproj", "{816643CA-2F01-4C73-8799-79B0A30A8741}"
EndProject
Project("{2150E333-8FDC-42A3-9474-1A3956D46DE8}") = "IO", "IO", "{7CBFE58C-1339-47CF-AA74-6C374D893369}"
EndProject
Project("{9A19103F-16F7-4668-BE54-9A1E7A4F7556}") = "FileTests", "test\IO\FileTests\FileTests.csproj", "{807034D2-62E8-468A-A8A1-743BBFDBDC5A}"
EndProject
Global
	GlobalSection(SolutionConfigurationPlatforms) = preSolution
		Debug|ARM64 = Debug|ARM64
		Debug|x64 = Debug|x64
		Release|ARM64 = Release|ARM64
		Release|x64 = Release|x64
	EndGlobalSection
	GlobalSection(ProjectConfigurationPlatforms) = postSolution
		{5180EDB3-75C4-4D23-9BD9-AC0A0FE72077}.Debug|ARM64.ActiveCfg = Debug|ARM64
		{5180EDB3-75C4-4D23-9BD9-AC0A0FE72077}.Debug|ARM64.Build.0 = Debug|ARM64
		{5180EDB3-75C4-4D23-9BD9-AC0A0FE72077}.Debug|x64.ActiveCfg = Debug|x64
		{5180EDB3-75C4-4D23-9BD9-AC0A0FE72077}.Debug|x64.Build.0 = Debug|x64
		{5180EDB3-75C4-4D23-9BD9-AC0A0FE72077}.Release|ARM64.ActiveCfg = Release|ARM64
		{5180EDB3-75C4-4D23-9BD9-AC0A0FE72077}.Release|ARM64.Build.0 = Release|ARM64
		{5180EDB3-75C4-4D23-9BD9-AC0A0FE72077}.Release|x64.ActiveCfg = Release|x64
		{5180EDB3-75C4-4D23-9BD9-AC0A0FE72077}.Release|x64.Build.0 = Release|x64
		{0CBDC928-553F-4214-90A3-E7AE11448B6D}.Debug|ARM64.ActiveCfg = Debug|ARM64
		{0CBDC928-553F-4214-90A3-E7AE11448B6D}.Debug|ARM64.Build.0 = Debug|ARM64
		{0CBDC928-553F-4214-90A3-E7AE11448B6D}.Debug|x64.ActiveCfg = Debug|x64
		{0CBDC928-553F-4214-90A3-E7AE11448B6D}.Debug|x64.Build.0 = Debug|x64
		{0CBDC928-553F-4214-90A3-E7AE11448B6D}.Release|ARM64.ActiveCfg = Release|ARM64
		{0CBDC928-553F-4214-90A3-E7AE11448B6D}.Release|ARM64.Build.0 = Release|ARM64
		{0CBDC928-553F-4214-90A3-E7AE11448B6D}.Release|x64.ActiveCfg = Release|x64
		{0CBDC928-553F-4214-90A3-E7AE11448B6D}.Release|x64.Build.0 = Release|x64
		{E371C9E7-2BE1-4532-B96E-CC3D9ADFB686}.Debug|ARM64.ActiveCfg = Debug|ARM64
		{E371C9E7-2BE1-4532-B96E-CC3D9ADFB686}.Debug|ARM64.Build.0 = Debug|ARM64
		{E371C9E7-2BE1-4532-B96E-CC3D9ADFB686}.Debug|x64.ActiveCfg = Debug|x64
		{E371C9E7-2BE1-4532-B96E-CC3D9ADFB686}.Debug|x64.Build.0 = Debug|x64
		{E371C9E7-2BE1-4532-B96E-CC3D9ADFB686}.Release|ARM64.ActiveCfg = Release|ARM64
		{E371C9E7-2BE1-4532-B96E-CC3D9ADFB686}.Release|ARM64.Build.0 = Release|ARM64
		{E371C9E7-2BE1-4532-B96E-CC3D9ADFB686}.Release|x64.ActiveCfg = Release|x64
		{E371C9E7-2BE1-4532-B96E-CC3D9ADFB686}.Release|x64.Build.0 = Release|x64
		{816643CA-2F01-4C73-8799-79B0A30A8741}.Debug|ARM64.ActiveCfg = Debug|ARM64
		{816643CA-2F01-4C73-8799-79B0A30A8741}.Debug|ARM64.Build.0 = Debug|ARM64
		{816643CA-2F01-4C73-8799-79B0A30A8741}.Debug|x64.ActiveCfg = Debug|x64
		{816643CA-2F01-4C73-8799-79B0A30A8741}.Debug|x64.Build.0 = Debug|x64
		{816643CA-2F01-4C73-8799-79B0A30A8741}.Release|ARM64.ActiveCfg = Release|ARM64
		{816643CA-2F01-4C73-8799-79B0A30A8741}.Release|ARM64.Build.0 = Release|ARM64
		{816643CA-2F01-4C73-8799-79B0A30A8741}.Release|x64.ActiveCfg = Release|x64
		{816643CA-2F01-4C73-8799-79B0A30A8741}.Release|x64.Build.0 = Release|x64
		{807034D2-62E8-468A-A8A1-743BBFDBDC5A}.Debug|ARM64.ActiveCfg = Debug|ARM64
		{807034D2-62E8-468A-A8A1-743BBFDBDC5A}.Debug|ARM64.Build.0 = Debug|ARM64
		{807034D2-62E8-468A-A8A1-743BBFDBDC5A}.Debug|x64.ActiveCfg = Debug|x64
		{807034D2-62E8-468A-A8A1-743BBFDBDC5A}.Debug|x64.Build.0 = Debug|x64
		{807034D2-62E8-468A-A8A1-743BBFDBDC5A}.Release|ARM64.ActiveCfg = Release|ARM64
		{807034D2-62E8-468A-A8A1-743BBFDBDC5A}.Release|ARM64.Build.0 = Release|ARM64
		{807034D2-62E8-468A-A8A1-743BBFDBDC5A}.Release|x64.ActiveCfg = Release|x64
		{807034D2-62E8-468A-A8A1-743BBFDBDC5A}.Release|x64.Build.0 = Release|x64
	EndGlobalSection
	GlobalSection(SolutionProperties) = preSolution
		HideSolutionNode = FALSE
	EndGlobalSection
	GlobalSection(NestedProjects) = preSolution
		{5180EDB3-75C4-4D23-9BD9-AC0A0FE72077} = {8EF8B1B7-6469-4CDE-B56E-9F0D5E489930}
		{DD3E6B24-0843-403B-874A-DB8AEC283EB6} = {8EF8B1B7-6469-4CDE-B56E-9F0D5E489930}
		{7AA0561A-4798-4A0A-A62E-4EEB207B520A} = {8EF8B1B7-6469-4CDE-B56E-9F0D5E489930}
		{0CBDC928-553F-4214-90A3-E7AE11448B6D} = {7AA0561A-4798-4A0A-A62E-4EEB207B520A}
		{E371C9E7-2BE1-4532-B96E-CC3D9ADFB686} = {DD3E6B24-0843-403B-874A-DB8AEC283EB6}
		{B7ACC3E5-1DBA-4D0D-9055-17D0597A39B0} = {8EF8B1B7-6469-4CDE-B56E-9F0D5E489930}
		{816643CA-2F01-4C73-8799-79B0A30A8741} = {B7ACC3E5-1DBA-4D0D-9055-17D0597A39B0}
		{7CBFE58C-1339-47CF-AA74-6C374D893369} = {392017DE-F73B-4283-9BC4-79594819C4BA}
		{807034D2-62E8-468A-A8A1-743BBFDBDC5A} = {7CBFE58C-1339-47CF-AA74-6C374D893369}
	EndGlobalSection
	GlobalSection(ExtensibilityGlobals) = postSolution
		SolutionGuid = {5547B5AD-FF96-4A44-8216-CCBC5316CFA2}
	EndGlobalSection
EndGlobal
