
Microsoft Visual Studio Solution File, Format Version 12.00
# Visual Studio Version 17
VisualStudioVersion = 17.0.31903.59
MinimumVisualStudioVersion = 10.0.40219.1
Project("{2150E333-8FDC-42A3-9474-1A3956D46DE8}") = "src", "src", "{8EF8B1B7-6469-4CDE-B56E-9F0D5E489930}"
EndProject
Project("{2150E333-8FDC-42A3-9474-1A3956D46DE8}") = "test", "test", "{392017DE-F73B-4283-9BC4-79594819C4BA}"
EndProject
Project("{2150E333-8FDC-42A3-9474-1A3956D46DE8}") = "Solution Items", "Solution Items", "{CBA855FB-AC95-4732-9156-06A8898E11C5}"
	ProjectSection(SolutionItems) = preProject
		.editorconfig = .editorconfig
		global.json = global.json
		LICENSE = LICENSE
		nuget.config = nuget.config
	EndProjectSection
EndProject
Project("{2150E333-8FDC-42A3-9474-1A3956D46DE8}") = "Net", "Net", "{DD3E6B24-0843-403B-874A-DB8AEC283EB6}"
EndProject
Project("{2150E333-8FDC-42A3-9474-1A3956D46DE8}") = "IO", "IO", "{7AA0561A-4798-4A0A-A62E-4EEB207B520A}"
EndProject
Project("{9A19103F-16F7-4668-BE54-9A1E7A4F7556}") = "File", "src\IO\File\File.csproj", "{0CBDC928-553F-4214-90A3-E7AE11448B6D}"
EndProject
Project("{9A19103F-16F7-4668-BE54-9A1E7A4F7556}") = "DevOps", "src\Net\DevOps\DevOps.csproj", "{E371C9E7-2BE1-4532-B96E-CC3D9ADFB686}"
EndProject
Project("{2150E333-8FDC-42A3-9474-1A3956D46DE8}") = "OS", "OS", "{B7ACC3E5-1DBA-4D0D-9055-17D0597A39B0}"
EndProject
Project("{9A19103F-16F7-4668-BE54-9A1E7A4F7556}") = "Windows", "src\OS\Windows\Windows.csproj", "{816643CA-2F01-4C73-8799-79B0A30A8741}"
EndProject
Project("{2150E333-8FDC-42A3-9474-1A3956D46DE8}") = "IO", "IO", "{7CBFE58C-1339-47CF-AA74-6C374D893369}"
EndProject
Project("{9A19103F-16F7-4668-BE54-9A1E7A4F7556}") = "FileTests", "test\IO\FileTests\FileTests.csproj", "{807034D2-62E8-468A-A8A1-743BBFDBDC5A}"
EndProject
Project("{2150E333-8FDC-42A3-9474-1A3956D46DE8}") = "Interop", "Interop", "{FE7F7D0D-BF99-4F3E-8591-DAEE423152F8}"
EndProject
Project("{9A19103F-16F7-4668-BE54-9A1E7A4F7556}") = "Process", "src\Interop\Process\Process.csproj", "{DD02CC83-DAAB-446E-870C-419066B3A3A4}"
EndProject
Project("{9A19103F-16F7-4668-BE54-9A1E7A4F7556}") = "Extension", "src\Interop\Extension\Extension.csproj", "{869E3E55-D130-4717-874E-E18D904A6137}"
EndProject
Project("{2150E333-8FDC-42A3-9474-1A3956D46DE8}") = "Net", "Net", "{68098F39-DFA4-4DDD-A7CB-A9C7C8562D43}"
EndProject
Project("{9A19103F-16F7-4668-BE54-9A1E7A4F7556}") = "DevOpsTest", "test\Net\DevOpsTest\DevOpsTest.csproj", "{3FC260E7-E804-43E1-8DA4-DF3F6B1887EE}"
EndProject
Global
	GlobalSection(SolutionConfigurationPlatforms) = preSolution
		Debug|Any CPU = Debug|Any CPU
		Release|Any CPU = Release|Any CPU
	EndGlobalSection
	GlobalSection(ProjectConfigurationPlatforms) = postSolution
		{0CBDC928-553F-4214-90A3-E7AE11448B6D}.Debug|Any CPU.ActiveCfg = Debug|Any CPU
		{0CBDC928-553F-4214-90A3-E7AE11448B6D}.Debug|Any CPU.Build.0 = Debug|Any CPU
		{0CBDC928-553F-4214-90A3-E7AE11448B6D}.Release|Any CPU.ActiveCfg = Release|Any CPU
		{0CBDC928-553F-4214-90A3-E7AE11448B6D}.Release|Any CPU.Build.0 = Release|Any CPU
		{E371C9E7-2BE1-4532-B96E-CC3D9ADFB686}.Debug|Any CPU.ActiveCfg = Debug|Any CPU
		{E371C9E7-2BE1-4532-B96E-CC3D9ADFB686}.Debug|Any CPU.Build.0 = Debug|Any CPU
		{E371C9E7-2BE1-4532-B96E-CC3D9ADFB686}.Release|Any CPU.ActiveCfg = Release|Any CPU
		{E371C9E7-2BE1-4532-B96E-CC3D9ADFB686}.Release|Any CPU.Build.0 = Release|Any CPU
		{816643CA-2F01-4C73-8799-79B0A30A8741}.Debug|Any CPU.ActiveCfg = Debug|Any CPU
		{816643CA-2F01-4C73-8799-79B0A30A8741}.Debug|Any CPU.Build.0 = Debug|Any CPU
		{816643CA-2F01-4C73-8799-79B0A30A8741}.Release|Any CPU.ActiveCfg = Release|Any CPU
		{816643CA-2F01-4C73-8799-79B0A30A8741}.Release|Any CPU.Build.0 = Release|Any CPU
		{807034D2-62E8-468A-A8A1-743BBFDBDC5A}.Debug|Any CPU.ActiveCfg = Debug|Any CPU
		{807034D2-62E8-468A-A8A1-743BBFDBDC5A}.Debug|Any CPU.Build.0 = Debug|Any CPU
		{807034D2-62E8-468A-A8A1-743BBFDBDC5A}.Release|Any CPU.ActiveCfg = Release|Any CPU
		{807034D2-62E8-468A-A8A1-743BBFDBDC5A}.Release|Any CPU.Build.0 = Release|Any CPU
		{DD02CC83-DAAB-446E-870C-419066B3A3A4}.Debug|Any CPU.ActiveCfg = Debug|Any CPU
		{DD02CC83-DAAB-446E-870C-419066B3A3A4}.Debug|Any CPU.Build.0 = Debug|Any CPU
		{DD02CC83-DAAB-446E-870C-419066B3A3A4}.Release|Any CPU.ActiveCfg = Release|Any CPU
		{DD02CC83-DAAB-446E-870C-419066B3A3A4}.Release|Any CPU.Build.0 = Release|Any CPU
		{869E3E55-D130-4717-874E-E18D904A6137}.Debug|Any CPU.ActiveCfg = Debug|Any CPU
		{869E3E55-D130-4717-874E-E18D904A6137}.Debug|Any CPU.Build.0 = Debug|Any CPU
		{869E3E55-D130-4717-874E-E18D904A6137}.Release|Any CPU.ActiveCfg = Release|Any CPU
		{869E3E55-D130-4717-874E-E18D904A6137}.Release|Any CPU.Build.0 = Release|Any CPU
		{3FC260E7-E804-43E1-8DA4-DF3F6B1887EE}.Debug|Any CPU.ActiveCfg = Debug|Any CPU
		{3FC260E7-E804-43E1-8DA4-DF3F6B1887EE}.Debug|Any CPU.Build.0 = Debug|Any CPU
		{3FC260E7-E804-43E1-8DA4-DF3F6B1887EE}.Release|Any CPU.ActiveCfg = Release|Any CPU
		{3FC260E7-E804-43E1-8DA4-DF3F6B1887EE}.Release|Any CPU.Build.0 = Release|Any CPU
	EndGlobalSection
	GlobalSection(SolutionProperties) = preSolution
		HideSolutionNode = FALSE
	EndGlobalSection
	GlobalSection(NestedProjects) = preSolution
		{DD3E6B24-0843-403B-874A-DB8AEC283EB6} = {8EF8B1B7-6469-4CDE-B56E-9F0D5E489930}
		{7AA0561A-4798-4A0A-A62E-4EEB207B520A} = {8EF8B1B7-6469-4CDE-B56E-9F0D5E489930}
		{0CBDC928-553F-4214-90A3-E7AE11448B6D} = {7AA0561A-4798-4A0A-A62E-4EEB207B520A}
		{E371C9E7-2BE1-4532-B96E-CC3D9ADFB686} = {DD3E6B24-0843-403B-874A-DB8AEC283EB6}
		{B7ACC3E5-1DBA-4D0D-9055-17D0597A39B0} = {8EF8B1B7-6469-4CDE-B56E-9F0D5E489930}
		{816643CA-2F01-4C73-8799-79B0A30A8741} = {B7ACC3E5-1DBA-4D0D-9055-17D0597A39B0}
		{7CBFE58C-1339-47CF-AA74-6C374D893369} = {392017DE-F73B-4283-9BC4-79594819C4BA}
		{807034D2-62E8-468A-A8A1-743BBFDBDC5A} = {7CBFE58C-1339-47CF-AA74-6C374D893369}
		{FE7F7D0D-BF99-4F3E-8591-DAEE423152F8} = {8EF8B1B7-6469-4CDE-B56E-9F0D5E489930}
		{DD02CC83-DAAB-446E-870C-419066B3A3A4} = {FE7F7D0D-BF99-4F3E-8591-DAEE423152F8}
		{869E3E55-D130-4717-874E-E18D904A6137} = {FE7F7D0D-BF99-4F3E-8591-DAEE423152F8}
		{68098F39-DFA4-4DDD-A7CB-A9C7C8562D43} = {392017DE-F73B-4283-9BC4-79594819C4BA}
		{3FC260E7-E804-43E1-8DA4-DF3F6B1887EE} = {68098F39-DFA4-4DDD-A7CB-A9C7C8562D43}
	EndGlobalSection
	GlobalSection(ExtensibilityGlobals) = postSolution
		SolutionGuid = {5547B5AD-FF96-4A44-8216-CCBC5316CFA2}
	EndGlobalSection
EndGlobal
